
Microsoft Visual Studio Solution File, Format Version 12.00
# Visual Studio 2013
VisualStudioVersion = 12.0.31101.0
MinimumVisualStudioVersion = 10.0.40219.1
Project("{FAE04EC0-301F-11D3-BF4B-00C04F79EFBC}") = "LoggingWIthCastleWindsor", "LoggingWIthCastleWindsor\LoggingWIthCastleWindsor.csproj", "{04962DA7-9FDE-4FDD-8899-CB07F4653BCE}"
EndProject
Project("{FAE04EC0-301F-11D3-BF4B-00C04F79EFBC}") = "LoggingWIthCastleWindsor.Tests", "LoggingWIthCastleWindsor.Tests\LoggingWIthCastleWindsor.Tests.csproj", "{8FFE923A-F64D-449F-8925-EC26CF792184}"
EndProject
Global
	GlobalSection(SolutionConfigurationPlatforms) = preSolution
		Debug|Any CPU = Debug|Any CPU
		Release|Any CPU = Release|Any CPU
	EndGlobalSection
	GlobalSection(ProjectConfigurationPlatforms) = postSolution
		{04962DA7-9FDE-4FDD-8899-CB07F4653BCE}.Debug|Any CPU.ActiveCfg = Debug|Any CPU
		{04962DA7-9FDE-4FDD-8899-CB07F4653BCE}.Debug|Any CPU.Build.0 = Debug|Any CPU
		{04962DA7-9FDE-4FDD-8899-CB07F4653BCE}.Release|Any CPU.ActiveCfg = Release|Any CPU
		{04962DA7-9FDE-4FDD-8899-CB07F4653BCE}.Release|Any CPU.Build.0 = Release|Any CPU
		{8FFE923A-F64D-449F-8925-EC26CF792184}.Debug|Any CPU.ActiveCfg = Debug|Any CPU
		{8FFE923A-F64D-449F-8925-EC26CF792184}.Debug|Any CPU.Build.0 = Debug|Any CPU
		{8FFE923A-F64D-449F-8925-EC26CF792184}.Release|Any CPU.ActiveCfg = Release|Any CPU
		{8FFE923A-F64D-449F-8925-EC26CF792184}.Release|Any CPU.Build.0 = Release|Any CPU
	EndGlobalSection
	GlobalSection(SolutionProperties) = preSolution
		HideSolutionNode = FALSE
	EndGlobalSection
EndGlobal
